
Microsoft Visual Studio Solution File, Format Version 12.00
# Visual Studio Version 16
VisualStudioVersion = 16.0.30523.141
MinimumVisualStudioVersion = 10.0.40219.1
Project("{FAE04EC0-301F-11D3-BF4B-00C04F79EFBC}") = "PersonnummerCheck", "PersonnummerCheck.csproj", "{EC12EA1A-3BA0-4039-B95F-AD3828C85F13}"
EndProject
Global
	GlobalSection(SolutionConfigurationPlatforms) = preSolution
		Debug|Any CPU = Debug|Any CPU
		Release|Any CPU = Release|Any CPU
	EndGlobalSection
	GlobalSection(ProjectConfigurationPlatforms) = postSolution
		{EC12EA1A-3BA0-4039-B95F-AD3828C85F13}.Debug|Any CPU.ActiveCfg = Debug|Any CPU
		{EC12EA1A-3BA0-4039-B95F-AD3828C85F13}.Debug|Any CPU.Build.0 = Debug|Any CPU
		{EC12EA1A-3BA0-4039-B95F-AD3828C85F13}.Release|Any CPU.ActiveCfg = Release|Any CPU
		{EC12EA1A-3BA0-4039-B95F-AD3828C85F13}.Release|Any CPU.Build.0 = Release|Any CPU
	EndGlobalSection
	GlobalSection(SolutionProperties) = preSolution
		HideSolutionNode = FALSE
	EndGlobalSection
	GlobalSection(ExtensibilityGlobals) = postSolution
		SolutionGuid = {185BDA1B-B42C-45AF-8F60-FB767C9713BE}
	EndGlobalSection
EndGlobal
